// !$*UTF8*$!
{
	archiveVersion = 1;
	classes = {
	};
	objectVersion = 50;
	objects = {

/* Begin PBXBuildFile section */
		08099D9122B7D395004BC068 /* UIWindow+ULook.m in Sources */ = {isa = PBXBuildFile; fileRef = 08099D9022B7D395004BC068 /* UIWindow+ULook.m */; };
		08813FD722B739AC00247B67 /* AppDelegate.m in Sources */ = {isa = PBXBuildFile; fileRef = 08813FD622B739AC00247B67 /* AppDelegate.m */; };
		08813FDA22B739AC00247B67 /* ViewController.m in Sources */ = {isa = PBXBuildFile; fileRef = 08813FD922B739AC00247B67 /* ViewController.m */; };
		08813FDD22B739AC00247B67 /* Main.storyboard in Resources */ = {isa = PBXBuildFile; fileRef = 08813FDB22B739AC00247B67 /* Main.storyboard */; };
		08813FDF22B739AC00247B67 /* Assets.xcassets in Resources */ = {isa = PBXBuildFile; fileRef = 08813FDE22B739AC00247B67 /* Assets.xcassets */; };
		08813FE222B739AC00247B67 /* LaunchScreen.storyboard in Resources */ = {isa = PBXBuildFile; fileRef = 08813FE022B739AC00247B67 /* LaunchScreen.storyboard */; };
		08813FE522B739AC00247B67 /* main.m in Sources */ = {isa = PBXBuildFile; fileRef = 08813FE422B739AC00247B67 /* main.m */; };
		08813FEE22B73AAD00247B67 /* QMUIRuntime.m in Sources */ = {isa = PBXBuildFile; fileRef = 08813FEC22B73AAD00247B67 /* QMUIRuntime.m */; };
		08813FF222B73B0B00247B67 /* ULook.m in Sources */ = {isa = PBXBuildFile; fileRef = 08813FF122B73B0B00247B67 /* ULook.m */; };
		0881400022B7AFB000247B67 /* QMUIHelper.m in Sources */ = {isa = PBXBuildFile; fileRef = 08813FFE22B7AFB000247B67 /* QMUIHelper.m */; };
/* End PBXBuildFile section */

/* Begin PBXFileReference section */
		08099D8F22B7D395004BC068 /* UIWindow+ULook.h */ = {isa = PBXFileReference; lastKnownFileType = sourcecode.c.h; path = "UIWindow+ULook.h"; sourceTree = "<group>"; };
		08099D9022B7D395004BC068 /* UIWindow+ULook.m */ = {isa = PBXFileReference; lastKnownFileType = sourcecode.c.objc; path = "UIWindow+ULook.m"; sourceTree = "<group>"; };
		08813FD222B739AC00247B67 /* ULook.app */ = {isa = PBXFileReference; explicitFileType = wrapper.application; includeInIndex = 0; path = ULook.app; sourceTree = BUILT_PRODUCTS_DIR; };
		08813FD522B739AC00247B67 /* AppDelegate.h */ = {isa = PBXFileReference; lastKnownFileType = sourcecode.c.h; path = AppDelegate.h; sourceTree = "<group>"; };
		08813FD622B739AC00247B67 /* AppDelegate.m */ = {isa = PBXFileReference; lastKnownFileType = sourcecode.c.objc; path = AppDelegate.m; sourceTree = "<group>"; };
		08813FD822B739AC00247B67 /* ViewController.h */ = {isa = PBXFileReference; lastKnownFileType = sourcecode.c.h; path = ViewController.h; sourceTree = "<group>"; };
		08813FD922B739AC00247B67 /* ViewController.m */ = {isa = PBXFileReference; lastKnownFileType = sourcecode.c.objc; path = ViewController.m; sourceTree = "<group>"; };
		08813FDC22B739AC00247B67 /* Base */ = {isa = PBXFileReference; lastKnownFileType = file.storyboard; name = Base; path = Base.lproj/Main.storyboard; sourceTree = "<group>"; };
		08813FDE22B739AC00247B67 /* Assets.xcassets */ = {isa = PBXFileReference; lastKnownFileType = folder.assetcatalog; path = Assets.xcassets; sourceTree = "<group>"; };
		08813FE122B739AC00247B67 /* Base */ = {isa = PBXFileReference; lastKnownFileType = file.storyboard; name = Base; path = Base.lproj/LaunchScreen.storyboard; sourceTree = "<group>"; };
		08813FE322B739AC00247B67 /* Info.plist */ = {isa = PBXFileReference; lastKnownFileType = text.plist.xml; path = Info.plist; sourceTree = "<group>"; };
		08813FE422B739AC00247B67 /* main.m */ = {isa = PBXFileReference; lastKnownFileType = sourcecode.c.objc; path = main.m; sourceTree = "<group>"; };
		08813FEC22B73AAD00247B67 /* QMUIRuntime.m */ = {isa = PBXFileReference; fileEncoding = 4; lastKnownFileType = sourcecode.c.objc; path = QMUIRuntime.m; sourceTree = "<group>"; };
		08813FED22B73AAD00247B67 /* QMUIRuntime.h */ = {isa = PBXFileReference; fileEncoding = 4; lastKnownFileType = sourcecode.c.h; path = QMUIRuntime.h; sourceTree = "<group>"; };
		08813FF022B73B0B00247B67 /* ULook.h */ = {isa = PBXFileReference; lastKnownFileType = sourcecode.c.h; path = ULook.h; sourceTree = "<group>"; };
		08813FF122B73B0B00247B67 /* ULook.m */ = {isa = PBXFileReference; lastKnownFileType = sourcecode.c.objc; path = ULook.m; sourceTree = "<group>"; };
		08813FFE22B7AFB000247B67 /* QMUIHelper.m */ = {isa = PBXFileReference; fileEncoding = 4; lastKnownFileType = sourcecode.c.objc; path = QMUIHelper.m; sourceTree = "<group>"; };
		08813FFF22B7AFB000247B67 /* QMUIHelper.h */ = {isa = PBXFileReference; fileEncoding = 4; lastKnownFileType = sourcecode.c.h; path = QMUIHelper.h; sourceTree = "<group>"; };
/* End PBXFileReference section */

/* Begin PBXFrameworksBuildPhase section */
		08813FCF22B739AC00247B67 /* Frameworks */ = {
			isa = PBXFrameworksBuildPhase;
			buildActionMask = 2147483647;
			files = (
			);
			runOnlyForDeploymentPostprocessing = 0;
		};
/* End PBXFrameworksBuildPhase section */

/* Begin PBXGroup section */
		08813FC922B739AC00247B67 = {
			isa = PBXGroup;
			children = (
				08813FD422B739AC00247B67 /* ULook */,
				08813FD322B739AC00247B67 /* Products */,
			);
			sourceTree = "<group>";
		};
		08813FD322B739AC00247B67 /* Products */ = {
			isa = PBXGroup;
			children = (
				08813FD222B739AC00247B67 /* ULook.app */,
			);
			name = Products;
			sourceTree = "<group>";
		};
		08813FD422B739AC00247B67 /* ULook */ = {
			isa = PBXGroup;
			children = (
				08813FEF22B73AB500247B67 /* ULook */,
				08813FEB22B73A7900247B67 /* QMUI */,
				08813FD522B739AC00247B67 /* AppDelegate.h */,
				08813FD622B739AC00247B67 /* AppDelegate.m */,
				08813FD822B739AC00247B67 /* ViewController.h */,
				08813FD922B739AC00247B67 /* ViewController.m */,
				08813FDB22B739AC00247B67 /* Main.storyboard */,
				08813FDE22B739AC00247B67 /* Assets.xcassets */,
				08813FE022B739AC00247B67 /* LaunchScreen.storyboard */,
				08813FE322B739AC00247B67 /* Info.plist */,
				08813FE422B739AC00247B67 /* main.m */,
			);
			path = ULook;
			sourceTree = "<group>";
		};
		08813FEB22B73A7900247B67 /* QMUI */ = {
			isa = PBXGroup;
			children = (
				08813FFF22B7AFB000247B67 /* QMUIHelper.h */,
				08813FFE22B7AFB000247B67 /* QMUIHelper.m */,
				08813FED22B73AAD00247B67 /* QMUIRuntime.h */,
				08813FEC22B73AAD00247B67 /* QMUIRuntime.m */,
			);
			path = QMUI;
			sourceTree = "<group>";
		};
		08813FEF22B73AB500247B67 /* ULook */ = {
			isa = PBXGroup;
			children = (
				08099D8F22B7D395004BC068 /* UIWindow+ULook.h */,
				08099D9022B7D395004BC068 /* UIWindow+ULook.m */,
				08813FF022B73B0B00247B67 /* ULook.h */,
				08813FF122B73B0B00247B67 /* ULook.m */,
			);
			path = ULook;
			sourceTree = "<group>";
		};
/* End PBXGroup section */

/* Begin PBXNativeTarget section */
		08813FD122B739AC00247B67 /* ULook */ = {
			isa = PBXNativeTarget;
			buildConfigurationList = 08813FE822B739AC00247B67 /* Build configuration list for PBXNativeTarget "ULook" */;
			buildPhases = (
				08813FCE22B739AC00247B67 /* Sources */,
				08813FCF22B739AC00247B67 /* Frameworks */,
				08813FD022B739AC00247B67 /* Resources */,
			);
			buildRules = (
			);
			dependencies = (
			);
			name = ULook;
			productName = ULook;
			productReference = 08813FD222B739AC00247B67 /* ULook.app */;
			productType = "com.apple.product-type.application";
		};
/* End PBXNativeTarget section */

/* Begin PBXProject section */
		08813FCA22B739AC00247B67 /* Project object */ = {
			isa = PBXProject;
			attributes = {
				LastUpgradeCheck = 1020;
				ORGANIZATIONNAME = ziezheng;
				TargetAttributes = {
					08813FD122B739AC00247B67 = {
						CreatedOnToolsVersion = 10.2.1;
					};
				};
			};
			buildConfigurationList = 08813FCD22B739AC00247B67 /* Build configuration list for PBXProject "ULook" */;
			compatibilityVersion = "Xcode 9.3";
			developmentRegion = en;
			hasScannedForEncodings = 0;
			knownRegions = (
				en,
				Base,
			);
			mainGroup = 08813FC922B739AC00247B67;
			productRefGroup = 08813FD322B739AC00247B67 /* Products */;
			projectDirPath = "";
			projectRoot = "";
			targets = (
				08813FD122B739AC00247B67 /* ULook */,
			);
		};
/* End PBXProject section */

/* Begin PBXResourcesBuildPhase section */
		08813FD022B739AC00247B67 /* Resources */ = {
			isa = PBXResourcesBuildPhase;
			buildActionMask = 2147483647;
			files = (
				08813FE222B739AC00247B67 /* LaunchScreen.storyboard in Resources */,
				08813FDF22B739AC00247B67 /* Assets.xcassets in Resources */,
				08813FDD22B739AC00247B67 /* Main.storyboard in Resources */,
			);
			runOnlyForDeploymentPostprocessing = 0;
		};
/* End PBXResourcesBuildPhase section */

/* Begin PBXSourcesBuildPhase section */
		08813FCE22B739AC00247B67 /* Sources */ = {
			isa = PBXSourcesBuildPhase;
			buildActionMask = 2147483647;
			files = (
				08099D9122B7D395004BC068 /* UIWindow+ULook.m in Sources */,
				08813FEE22B73AAD00247B67 /* QMUIRuntime.m in Sources */,
				08813FDA22B739AC00247B67 /* ViewController.m in Sources */,
				0881400022B7AFB000247B67 /* QMUIHelper.m in Sources */,
				08813FE522B739AC00247B67 /* main.m in Sources */,
				08813FF222B73B0B00247B67 /* ULook.m in Sources */,
				08813FD722B739AC00247B67 /* AppDelegate.m in Sources */,
			);
			runOnlyForDeploymentPostprocessing = 0;
		};
/* End PBXSourcesBuildPhase section */

/* Begin PBXVariantGroup section */
		08813FDB22B739AC00247B67 /* Main.storyboard */ = {
			isa = PBXVariantGroup;
			children = (
				08813FDC22B739AC00247B67 /* Base */,
			);
			name = Main.storyboard;
			sourceTree = "<group>";
		};
		08813FE022B739AC00247B67 /* LaunchScreen.storyboard */ = {
			isa = PBXVariantGroup;
			children = (
				08813FE122B739AC00247B67 /* Base */,
			);
			name = LaunchScreen.storyboard;
			sourceTree = "<group>";
		};
/* End PBXVariantGroup section */

/* Begin XCBuildConfiguration section */
		08813FE622B739AC00247B67 /* Debug */ = {
			isa = XCBuildConfiguration;
			buildSettings = {
				ALWAYS_SEARCH_USER_PATHS = NO;
				CLANG_ANALYZER_NONNULL = YES;
				CLANG_ANALYZER_NUMBER_OBJECT_CONVERSION = YES_AGGRESSIVE;
				CLANG_CXX_LANGUAGE_STANDARD = "gnu++14";
				CLANG_CXX_LIBRARY = "libc++";
				CLANG_ENABLE_MODULES = YES;
				CLANG_ENABLE_OBJC_ARC = YES;
				CLANG_ENABLE_OBJC_WEAK = YES;
				CLANG_WARN_BLOCK_CAPTURE_AUTORELEASING = YES;
				CLANG_WARN_BOOL_CONVERSION = YES;
				CLANG_WARN_COMMA = YES;
				CLANG_WARN_CONSTANT_CONVERSION = YES;
				CLANG_WARN_DEPRECATED_OBJC_IMPLEMENTATIONS = YES;
				CLANG_WARN_DIRECT_OBJC_ISA_USAGE = YES_ERROR;
				CLANG_WARN_DOCUMENTATION_COMMENTS = YES;
				CLANG_WARN_EMPTY_BODY = YES;
				CLANG_WARN_ENUM_CONVERSION = YES;
				CLANG_WARN_INFINITE_RECURSION = YES;
				CLANG_WARN_INT_CONVERSION = YES;
				CLANG_WARN_NON_LITERAL_NULL_CONVERSION = YES;
				CLANG_WARN_OBJC_IMPLICIT_RETAIN_SELF = YES;
				CLANG_WARN_OBJC_LITERAL_CONVERSION = YES;
				CLANG_WARN_OBJC_ROOT_CLASS = YES_ERROR;
				CLANG_WARN_RANGE_LOOP_ANALYSIS = YES;
				CLANG_WARN_STRICT_PROTOTYPES = YES;
				CLANG_WARN_SUSPICIOUS_MOVE = YES;
				CLANG_WARN_UNGUARDED_AVAILABILITY = YES_AGGRESSIVE;
				CLANG_WARN_UNREACHABLE_CODE = YES;
				CLANG_WARN__DUPLICATE_METHOD_MATCH = YES;
				CODE_SIGN_IDENTITY = "iPhone Developer";
				COPY_PHASE_STRIP = NO;
				DEBUG_INFORMATION_FORMAT = dwarf;
				ENABLE_STRICT_OBJC_MSGSEND = YES;
				ENABLE_TESTABILITY = YES;
				GCC_C_LANGUAGE_STANDARD = gnu11;
				GCC_DYNAMIC_NO_PIC = NO;
				GCC_NO_COMMON_BLOCKS = YES;
				GCC_OPTIMIZATION_LEVEL = 0;
				GCC_PREPROCESSOR_DEFINITIONS = (
					"DEBUG=1",
					"$(inherited)",
				);
				GCC_WARN_64_TO_32_BIT_CONVERSION = YES;
				GCC_WARN_ABOUT_RETURN_TYPE = YES_ERROR;
				GCC_WARN_UNDECLARED_SELECTOR = YES;
				GCC_WARN_UNINITIALIZED_AUTOS = YES_AGGRESSIVE;
				GCC_WARN_UNUSED_FUNCTION = YES;
				GCC_WARN_UNUSED_VARIABLE = YES;
				IPHONEOS_DEPLOYMENT_TARGET = 12.2;
				MTL_ENABLE_DEBUG_INFO = INCLUDE_SOURCE;
				MTL_FAST_MATH = YES;
				ONLY_ACTIVE_ARCH = YES;
				SDKROOT = iphoneos;
			};
			name = Debug;
		};
		08813FE722B739AC00247B67 /* Release */ = {
			isa = XCBuildConfiguration;
			buildSettings = {
				ALWAYS_SEARCH_USER_PATHS = NO;
				CLANG_ANALYZER_NONNULL = YES;
				CLANG_ANALYZER_NUMBER_OBJECT_CONVERSION = YES_AGGRESSIVE;
				CLANG_CXX_LANGUAGE_STANDARD = "gnu++14";
				CLANG_CXX_LIBRARY = "libc++";
				CLANG_ENABLE_MODULES = YES;
				CLANG_ENABLE_OBJC_ARC = YES;
				CLANG_ENABLE_OBJC_WEAK = YES;
				CLANG_WARN_BLOCK_CAPTURE_AUTORELEASING = YES;
				CLANG_WARN_BOOL_CONVERSION = YES;
				CLANG_WARN_COMMA = YES;
				CLANG_WARN_CONSTANT_CONVERSION = YES;
				CLANG_WARN_DEPRECATED_OBJC_IMPLEMENTATIONS = YES;
				CLANG_WARN_DIRECT_OBJC_ISA_USAGE = YES_ERROR;
				CLANG_WARN_DOCUMENTATION_COMMENTS = YES;
				CLANG_WARN_EMPTY_BODY = YES;
				CLANG_WARN_ENUM_CONVERSION = YES;
				CLANG_WARN_INFINITE_RECURSION = YES;
				CLANG_WARN_INT_CONVERSION = YES;
				CLANG_WARN_NON_LITERAL_NULL_CONVERSION = YES;
				CLANG_WARN_OBJC_IMPLICIT_RETAIN_SELF = YES;
				CLANG_WARN_OBJC_LITERAL_CONVERSION = YES;
				CLANG_WARN_OBJC_ROOT_CLASS = YES_ERROR;
				CLANG_WARN_RANGE_LOOP_ANALYSIS = YES;
				CLANG_WARN_STRICT_PROTOTYPES = YES;
				CLANG_WARN_SUSPICIOUS_MOVE = YES;
				CLANG_WARN_UNGUARDED_AVAILABILITY = YES_AGGRESSIVE;
				CLANG_WARN_UNREACHABLE_CODE = YES;
				CLANG_WARN__DUPLICATE_METHOD_MATCH = YES;
				CODE_SIGN_IDENTITY = "iPhone Developer";
				COPY_PHASE_STRIP = NO;
				DEBUG_INFORMATION_FORMAT = "dwarf-with-dsym";
				ENABLE_NS_ASSERTIONS = NO;
				ENABLE_STRICT_OBJC_MSGSEND = YES;
				GCC_C_LANGUAGE_STANDARD = gnu11;
				GCC_NO_COMMON_BLOCKS = YES;
				GCC_WARN_64_TO_32_BIT_CONVERSION = YES;
				GCC_WARN_ABOUT_RETURN_TYPE = YES_ERROR;
				GCC_WARN_UNDECLARED_SELECTOR = YES;
				GCC_WARN_UNINITIALIZED_AUTOS = YES_AGGRESSIVE;
				GCC_WARN_UNUSED_FUNCTION = YES;
				GCC_WARN_UNUSED_VARIABLE = YES;
				IPHONEOS_DEPLOYMENT_TARGET = 12.2;
				MTL_ENABLE_DEBUG_INFO = NO;
				MTL_FAST_MATH = YES;
				SDKROOT = iphoneos;
				VALIDATE_PRODUCT = YES;
			};
			name = Release;
		};
		08813FE922B739AC00247B67 /* Debug */ = {
			isa = XCBuildConfiguration;
			buildSettings = {
				ASSETCATALOG_COMPILER_APPICON_NAME = AppIcon;
				CODE_SIGN_STYLE = Automatic;
				DEVELOPMENT_TEAM = C666769T5K;
				INFOPLIST_FILE = ULook/Info.plist;
				IPHONEOS_DEPLOYMENT_TARGET = 9.0;
				LD_RUNPATH_SEARCH_PATHS = (
					"$(inherited)",
					"@executable_path/Frameworks",
				);
				PRODUCT_BUNDLE_IDENTIFIER = ziecho.ULook;
				PRODUCT_NAME = "$(TARGET_NAME)";
				TARGETED_DEVICE_FAMILY = "1,2";
			};
			name = Debug;
		};
		08813FEA22B739AC00247B67 /* Release */ = {
			isa = XCBuildConfiguration;
			buildSettings = {
				ASSETCATALOG_COMPILER_APPICON_NAME = AppIcon;
				CODE_SIGN_STYLE = Automatic;
				DEVELOPMENT_TEAM = C666769T5K;
				INFOPLIST_FILE = ULook/Info.plist;
				IPHONEOS_DEPLOYMENT_TARGET = 9.0;
				LD_RUNPATH_SEARCH_PATHS = (
					"$(inherited)",
					"@executable_path/Frameworks",
				);
				PRODUCT_BUNDLE_IDENTIFIER = ziecho.ULook;
				PRODUCT_NAME = "$(TARGET_NAME)";
				TARGETED_DEVICE_FAMILY = "1,2";
			};
			name = Release;
		};
/* End XCBuildConfiguration section */

/* Begin XCConfigurationList section */
		08813FCD22B739AC00247B67 /* Build configuration list for PBXProject "ULook" */ = {
			isa = XCConfigurationList;
			buildConfigurations = (
				08813FE622B739AC00247B67 /* Debug */,
				08813FE722B739AC00247B67 /* Release */,
			);
			defaultConfigurationIsVisible = 0;
			defaultConfigurationName = Release;
		};
		08813FE822B739AC00247B67 /* Build configuration list for PBXNativeTarget "ULook" */ = {
			isa = XCConfigurationList;
			buildConfigurations = (
				08813FE922B739AC00247B67 /* Debug */,
				08813FEA22B739AC00247B67 /* Release */,
			);
			defaultConfigurationIsVisible = 0;
			defaultConfigurationName = Release;
		};
/* End XCConfigurationList section */
	};
	rootObject = 08813FCA22B739AC00247B67 /* Project object */;
}
